
Microsoft Visual Studio Solution File, Format Version 12.00
# Visual Studio Version 17
VisualStudioVersion = 17.1.32328.378
MinimumVisualStudioVersion = 10.0.40219.1
Project("{9A19103F-16F7-4668-BE54-9A1E7A4F7556}") = "Entidades", "Entidades\Entidades.csproj", "{5FBEBEBD-6E94-482D-88C8-0E84A43328DB}"
EndProject
Project("{FAE04EC0-301F-11D3-BF4B-00C04F79EFBC}") = "MiCalculadora", "MiCalculadora\MiCalculadora.csproj", "{307ECD5B-4CD2-42DC-9EE6-22DCBA7E1B8A}"
EndProject
Global
	GlobalSection(SolutionConfigurationPlatforms) = preSolution
		Debug|Any CPU = Debug|Any CPU
		Release|Any CPU = Release|Any CPU
	EndGlobalSection
	GlobalSection(ProjectConfigurationPlatforms) = postSolution
		{5FBEBEBD-6E94-482D-88C8-0E84A43328DB}.Debug|Any CPU.ActiveCfg = Debug|Any CPU
		{5FBEBEBD-6E94-482D-88C8-0E84A43328DB}.Debug|Any CPU.Build.0 = Debug|Any CPU
		{5FBEBEBD-6E94-482D-88C8-0E84A43328DB}.Release|Any CPU.ActiveCfg = Release|Any CPU
		{5FBEBEBD-6E94-482D-88C8-0E84A43328DB}.Release|Any CPU.Build.0 = Release|Any CPU
		{307ECD5B-4CD2-42DC-9EE6-22DCBA7E1B8A}.Debug|Any CPU.ActiveCfg = Debug|Any CPU
		{307ECD5B-4CD2-42DC-9EE6-22DCBA7E1B8A}.Debug|Any CPU.Build.0 = Debug|Any CPU
		{307ECD5B-4CD2-42DC-9EE6-22DCBA7E1B8A}.Release|Any CPU.ActiveCfg = Release|Any CPU
		{307ECD5B-4CD2-42DC-9EE6-22DCBA7E1B8A}.Release|Any CPU.Build.0 = Release|Any CPU
	EndGlobalSection
	GlobalSection(SolutionProperties) = preSolution
		HideSolutionNode = FALSE
	EndGlobalSection
	GlobalSection(ExtensibilityGlobals) = postSolution
		SolutionGuid = {BCE15EFF-F8A3-4EBB-88A5-DD075E332F8B}
	EndGlobalSection
EndGlobal
